
Microsoft Visual Studio Solution File, Format Version 12.00
# Visual Studio Version 16
VisualStudioVersion = 16.0.30523.141
MinimumVisualStudioVersion = 10.0.40219.1
Project("{FAE04EC0-301F-11D3-BF4B-00C04F79EFBC}") = "Secant Method", "Secant Method.csproj", "{F1D4F748-A4C1-4833-9211-66351D4EA3D2}"
EndProject
Global
	GlobalSection(SolutionConfigurationPlatforms) = preSolution
		Debug|Any CPU = Debug|Any CPU
		Release|Any CPU = Release|Any CPU
	EndGlobalSection
	GlobalSection(ProjectConfigurationPlatforms) = postSolution
		{F1D4F748-A4C1-4833-9211-66351D4EA3D2}.Debug|Any CPU.ActiveCfg = Debug|Any CPU
		{F1D4F748-A4C1-4833-9211-66351D4EA3D2}.Debug|Any CPU.Build.0 = Debug|Any CPU
		{F1D4F748-A4C1-4833-9211-66351D4EA3D2}.Release|Any CPU.ActiveCfg = Release|Any CPU
		{F1D4F748-A4C1-4833-9211-66351D4EA3D2}.Release|Any CPU.Build.0 = Release|Any CPU
	EndGlobalSection
	GlobalSection(SolutionProperties) = preSolution
		HideSolutionNode = FALSE
	EndGlobalSection
	GlobalSection(ExtensibilityGlobals) = postSolution
		SolutionGuid = {41038B74-A731-4FD4-8BB3-3D483D027628}
	EndGlobalSection
EndGlobal
