
Microsoft Visual Studio Solution File, Format Version 12.00
# Visual Studio Version 17
VisualStudioVersion = 17.0.31912.275
MinimumVisualStudioVersion = 10.0.40219.1
Project("{FAE04EC0-301F-11D3-BF4B-00C04F79EFBC}") = "Newton’s Interpolation", "Newton’s Interpolation.csproj", "{990D586F-60B7-4E06-9CAC-A328ACC125C6}"
EndProject
Global
	GlobalSection(SolutionConfigurationPlatforms) = preSolution
		Debug|Any CPU = Debug|Any CPU
		Release|Any CPU = Release|Any CPU
	EndGlobalSection
	GlobalSection(ProjectConfigurationPlatforms) = postSolution
		{990D586F-60B7-4E06-9CAC-A328ACC125C6}.Debug|Any CPU.ActiveCfg = Debug|Any CPU
		{990D586F-60B7-4E06-9CAC-A328ACC125C6}.Debug|Any CPU.Build.0 = Debug|Any CPU
		{990D586F-60B7-4E06-9CAC-A328ACC125C6}.Release|Any CPU.ActiveCfg = Release|Any CPU
		{990D586F-60B7-4E06-9CAC-A328ACC125C6}.Release|Any CPU.Build.0 = Release|Any CPU
	EndGlobalSection
	GlobalSection(SolutionProperties) = preSolution
		HideSolutionNode = FALSE
	EndGlobalSection
	GlobalSection(ExtensibilityGlobals) = postSolution
		SolutionGuid = {85960871-884A-41AD-9786-58E32360328E}
	EndGlobalSection
EndGlobal
